{
  "originHash" : "bfa0e30646a33c207d3542f30c08441d4f63edfa10a0eacd8e6d080f53156cf7",
  "pins" : [
    {
      "identity" : "inject",
      "kind" : "remoteSourceControl",
      "location" : "https://github.com/krzysztofzablocki/Inject",
      "state" : {
        "revision" : "728c56639ecb3df441d51d5bc6747329afabcfc9",
        "version" : "1.5.2"
      }
    },
    {
      "identity" : "xcodebuild-nvim-preview",
      "kind" : "remoteSourceControl",
      "location" : "git@github.com:wojciech-kulik/xcodebuild-nvim-preview.git",
      "state" : {
        "revision" : "60a9379d8d09d50312571ecd3ff4491b86a86d6e",
        "version" : "1.0.10"
      }
    }
  ],
  "version" : 3
}
