{
  "originHash" : "922dd4f7dcf57d446864dfd976749021899f14d8406ba403422b2cbb2c23e4ab",
  "pins" : [
    {
      "identity" : "hotswiftui",
      "kind" : "remoteSourceControl",
      "location" : "https://github.com/johnno1962/HotSwiftUI",
      "state" : {
        "revision" : "9e701abd2da67c7cfac5b70ae6f225fa92a1c7bc",
        "version" : "1.2.4"
      }
    },
    {
      "identity" : "injectionnext",
      "kind" : "remoteSourceControl",
      "location" : "https://github.com/johnno1962/InjectionNext",
      "state" : {
        "revision" : "7bae3044bc643460d1f83389446694a7444709cf",
        "version" : "1.6.0"
      }
    },
    {
      "identity" : "xcodebuild-nvim-preview",
      "kind" : "remoteSourceControl",
      "location" : "git@github.com:wojciech-kulik/xcodebuild-nvim-preview.git",
      "state" : {
        "revision" : "863260fe5fa0177807f4afda92aacc278dfc3ff1",
        "version" : "1.0.11"
      }
    }
  ],
  "version" : 3
}
