// !$*UTF8*$!
{
	archiveVersion = 1;
	classes = {
	};
	objectVersion = 55;
	objects = {

/* Begin PBXBuildFile section */
		1631CF1D27539BB70046BF66 /* ReduxDemoApp.swift in Sources */ = {isa = PBXBuildFile; fileRef = 1631CF1C27539BB70046BF66 /* ReduxDemoApp.swift */; };
		1631CF1F27539BB70046BF66 /* HomeView.swift in Sources */ = {isa = PBXBuildFile; fileRef = 1631CF1E27539BB70046BF66 /* HomeView.swift */; };
		1631CF2127539BB90046BF66 /* Assets.xcassets in Resources */ = {isa = PBXBuildFile; fileRef = 1631CF2027539BB90046BF66 /* Assets.xcassets */; };
		1631CF2427539BB90046BF66 /* Preview Assets.xcassets in Resources */ = {isa = PBXBuildFile; fileRef = 1631CF2327539BB90046BF66 /* Preview Assets.xcassets */; };
		1631CF2C27539CDB0046BF66 /* MainNavigationController.swift in Sources */ = {isa = PBXBuildFile; fileRef = 1631CF2B27539CDB0046BF66 /* MainNavigationController.swift */; };
		1631CF3227539F5D0046BF66 /* SplashView.swift in Sources */ = {isa = PBXBuildFile; fileRef = 1631CF3127539F5D0046BF66 /* SplashView.swift */; };
		1631CF342753A30D0046BF66 /* ShowView.swift in Sources */ = {isa = PBXBuildFile; fileRef = 1631CF332753A30D0046BF66 /* ShowView.swift */; };
		1631CF372753A37F0046BF66 /* TvShowEntry.swift in Sources */ = {isa = PBXBuildFile; fileRef = 1631CF362753A37F0046BF66 /* TvShowEntry.swift */; };
		1631CF392753A3B40046BF66 /* TvShow.swift in Sources */ = {isa = PBXBuildFile; fileRef = 1631CF382753A3B40046BF66 /* TvShow.swift */; };
		1631CF3C2753A9BE0046BF66 /* Color.swift in Sources */ = {isa = PBXBuildFile; fileRef = 1631CF3B2753A9BE0046BF66 /* Color.swift */; };
		1631CF402753B5F10046BF66 /* EpisodeDetailsView.swift in Sources */ = {isa = PBXBuildFile; fileRef = 1631CF3F2753B5F10046BF66 /* EpisodeDetailsView.swift */; };
		1631CF422753B6C70046BF66 /* EpisodeDetails.swift in Sources */ = {isa = PBXBuildFile; fileRef = 1631CF412753B6C70046BF66 /* EpisodeDetails.swift */; };
		1631CF442753C38E0046BF66 /* CommentView.swift in Sources */ = {isa = PBXBuildFile; fileRef = 1631CF432753C38E0046BF66 /* CommentView.swift */; };
		1631CF462753C4480046BF66 /* Comment.swift in Sources */ = {isa = PBXBuildFile; fileRef = 1631CF452753C4480046BF66 /* Comment.swift */; };
/* End PBXBuildFile section */

/* Begin PBXFileReference section */
		1631CF1927539BB70046BF66 /* ReduxDemo.app */ = {isa = PBXFileReference; explicitFileType = wrapper.application; includeInIndex = 0; path = ReduxDemo.app; sourceTree = BUILT_PRODUCTS_DIR; };
		1631CF1C27539BB70046BF66 /* ReduxDemoApp.swift */ = {isa = PBXFileReference; lastKnownFileType = sourcecode.swift; path = ReduxDemoApp.swift; sourceTree = "<group>"; };
		1631CF1E27539BB70046BF66 /* HomeView.swift */ = {isa = PBXFileReference; lastKnownFileType = sourcecode.swift; path = HomeView.swift; sourceTree = "<group>"; };
		1631CF2027539BB90046BF66 /* Assets.xcassets */ = {isa = PBXFileReference; lastKnownFileType = folder.assetcatalog; path = Assets.xcassets; sourceTree = "<group>"; };
		1631CF2327539BB90046BF66 /* Preview Assets.xcassets */ = {isa = PBXFileReference; lastKnownFileType = folder.assetcatalog; path = "Preview Assets.xcassets"; sourceTree = "<group>"; };
		1631CF2B27539CDB0046BF66 /* MainNavigationController.swift */ = {isa = PBXFileReference; lastKnownFileType = sourcecode.swift; path = MainNavigationController.swift; sourceTree = "<group>"; };
		1631CF3127539F5D0046BF66 /* SplashView.swift */ = {isa = PBXFileReference; lastKnownFileType = sourcecode.swift; path = SplashView.swift; sourceTree = "<group>"; };
		1631CF332753A30D0046BF66 /* ShowView.swift */ = {isa = PBXFileReference; lastKnownFileType = sourcecode.swift; path = ShowView.swift; sourceTree = "<group>"; };
		1631CF362753A37F0046BF66 /* TvShowEntry.swift */ = {isa = PBXFileReference; lastKnownFileType = sourcecode.swift; path = TvShowEntry.swift; sourceTree = "<group>"; };
		1631CF382753A3B40046BF66 /* TvShow.swift */ = {isa = PBXFileReference; lastKnownFileType = sourcecode.swift; path = TvShow.swift; sourceTree = "<group>"; };
		1631CF3B2753A9BE0046BF66 /* Color.swift */ = {isa = PBXFileReference; lastKnownFileType = sourcecode.swift; path = Color.swift; sourceTree = "<group>"; };
		1631CF3D2753AFE10046BF66 /* Info.plist */ = {isa = PBXFileReference; lastKnownFileType = text.plist; path = Info.plist; sourceTree = "<group>"; };
		1631CF3F2753B5F10046BF66 /* EpisodeDetailsView.swift */ = {isa = PBXFileReference; lastKnownFileType = sourcecode.swift; path = EpisodeDetailsView.swift; sourceTree = "<group>"; };
		1631CF412753B6C70046BF66 /* EpisodeDetails.swift */ = {isa = PBXFileReference; lastKnownFileType = sourcecode.swift; path = EpisodeDetails.swift; sourceTree = "<group>"; };
		1631CF432753C38E0046BF66 /* CommentView.swift */ = {isa = PBXFileReference; lastKnownFileType = sourcecode.swift; path = CommentView.swift; sourceTree = "<group>"; };
		1631CF452753C4480046BF66 /* Comment.swift */ = {isa = PBXFileReference; lastKnownFileType = sourcecode.swift; path = Comment.swift; sourceTree = "<group>"; };
/* End PBXFileReference section */

/* Begin PBXFrameworksBuildPhase section */
		1631CF1627539BB70046BF66 /* Frameworks */ = {
			isa = PBXFrameworksBuildPhase;
			buildActionMask = 2147483647;
			files = (
			);
			runOnlyForDeploymentPostprocessing = 0;
		};
/* End PBXFrameworksBuildPhase section */

/* Begin PBXGroup section */
		1631CF1027539BB70046BF66 = {
			isa = PBXGroup;
			children = (
				1631CF1B27539BB70046BF66 /* ReduxDemo */,
				1631CF1A27539BB70046BF66 /* Products */,
			);
			sourceTree = "<group>";
		};
		1631CF1A27539BB70046BF66 /* Products */ = {
			isa = PBXGroup;
			children = (
				1631CF1927539BB70046BF66 /* ReduxDemo.app */,
			);
			name = Products;
			sourceTree = "<group>";
		};
		1631CF1B27539BB70046BF66 /* ReduxDemo */ = {
			isa = PBXGroup;
			children = (
				1631CF2D27539F010046BF66 /* App */,
				1631CF3A2753A9B80046BF66 /* Extensions */,
				1631CF352753A3770046BF66 /* Models */,
				1631CF2027539BB90046BF66 /* Assets.xcassets */,
				1631CF3D2753AFE10046BF66 /* Info.plist */,
				1631CF2227539BB90046BF66 /* Preview Content */,
			);
			path = ReduxDemo;
			sourceTree = "<group>";
		};
		1631CF2227539BB90046BF66 /* Preview Content */ = {
			isa = PBXGroup;
			children = (
				1631CF2327539BB90046BF66 /* Preview Assets.xcassets */,
			);
			path = "Preview Content";
			sourceTree = "<group>";
		};
		1631CF2D27539F010046BF66 /* App */ = {
			isa = PBXGroup;
			children = (
				1631CF1C27539BB70046BF66 /* ReduxDemoApp.swift */,
				1631CF2B27539CDB0046BF66 /* MainNavigationController.swift */,
				1631CF3027539F530046BF66 /* Splash */,
				1631CF2E27539F080046BF66 /* Home */,
				1631CF3E2753B5E10046BF66 /* EpisodeDetails */,
			);
			path = App;
			sourceTree = "<group>";
		};
		1631CF2E27539F080046BF66 /* Home */ = {
			isa = PBXGroup;
			children = (
				1631CF1E27539BB70046BF66 /* HomeView.swift */,
				1631CF332753A30D0046BF66 /* ShowView.swift */,
			);
			path = Home;
			sourceTree = "<group>";
		};
		1631CF3027539F530046BF66 /* Splash */ = {
			isa = PBXGroup;
			children = (
				1631CF3127539F5D0046BF66 /* SplashView.swift */,
			);
			path = Splash;
			sourceTree = "<group>";
		};
		1631CF352753A3770046BF66 /* Models */ = {
			isa = PBXGroup;
			children = (
				1631CF362753A37F0046BF66 /* TvShowEntry.swift */,
				1631CF382753A3B40046BF66 /* TvShow.swift */,
				1631CF412753B6C70046BF66 /* EpisodeDetails.swift */,
				1631CF452753C4480046BF66 /* Comment.swift */,
			);
			path = Models;
			sourceTree = "<group>";
		};
		1631CF3A2753A9B80046BF66 /* Extensions */ = {
			isa = PBXGroup;
			children = (
				1631CF3B2753A9BE0046BF66 /* Color.swift */,
			);
			path = Extensions;
			sourceTree = "<group>";
		};
		1631CF3E2753B5E10046BF66 /* EpisodeDetails */ = {
			isa = PBXGroup;
			children = (
				1631CF3F2753B5F10046BF66 /* EpisodeDetailsView.swift */,
				1631CF432753C38E0046BF66 /* CommentView.swift */,
			);
			path = EpisodeDetails;
			sourceTree = "<group>";
		};
/* End PBXGroup section */

/* Begin PBXNativeTarget section */
		1631CF1827539BB70046BF66 /* ReduxDemo */ = {
			isa = PBXNativeTarget;
			buildConfigurationList = 1631CF2727539BB90046BF66 /* Build configuration list for PBXNativeTarget "ReduxDemo" */;
			buildPhases = (
				1631CF1527539BB70046BF66 /* Sources */,
				1631CF1627539BB70046BF66 /* Frameworks */,
				1631CF1727539BB70046BF66 /* Resources */,
			);
			buildRules = (
			);
			dependencies = (
			);
			name = ReduxDemo;
			productName = ReduxDemo;
			productReference = 1631CF1927539BB70046BF66 /* ReduxDemo.app */;
			productType = "com.apple.product-type.application";
		};
/* End PBXNativeTarget section */

/* Begin PBXProject section */
		1631CF1127539BB70046BF66 /* Project object */ = {
			isa = PBXProject;
			attributes = {
				BuildIndependentTargetsInParallel = 1;
				LastSwiftUpdateCheck = 1310;
				LastUpgradeCheck = 1310;
				TargetAttributes = {
					1631CF1827539BB70046BF66 = {
						CreatedOnToolsVersion = 13.1;
					};
				};
			};
			buildConfigurationList = 1631CF1427539BB70046BF66 /* Build configuration list for PBXProject "ReduxDemo" */;
			compatibilityVersion = "Xcode 13.0";
			developmentRegion = en;
			hasScannedForEncodings = 0;
			knownRegions = (
				en,
				Base,
			);
			mainGroup = 1631CF1027539BB70046BF66;
			productRefGroup = 1631CF1A27539BB70046BF66 /* Products */;
			projectDirPath = "";
			projectRoot = "";
			targets = (
				1631CF1827539BB70046BF66 /* ReduxDemo */,
			);
		};
/* End PBXProject section */

/* Begin PBXResourcesBuildPhase section */
		1631CF1727539BB70046BF66 /* Resources */ = {
			isa = PBXResourcesBuildPhase;
			buildActionMask = 2147483647;
			files = (
				1631CF2427539BB90046BF66 /* Preview Assets.xcassets in Resources */,
				1631CF2127539BB90046BF66 /* Assets.xcassets in Resources */,
			);
			runOnlyForDeploymentPostprocessing = 0;
		};
/* End PBXResourcesBuildPhase section */

/* Begin PBXSourcesBuildPhase section */
		1631CF1527539BB70046BF66 /* Sources */ = {
			isa = PBXSourcesBuildPhase;
			buildActionMask = 2147483647;
			files = (
				1631CF392753A3B40046BF66 /* TvShow.swift in Sources */,
				1631CF342753A30D0046BF66 /* ShowView.swift in Sources */,
				1631CF2C27539CDB0046BF66 /* MainNavigationController.swift in Sources */,
				1631CF372753A37F0046BF66 /* TvShowEntry.swift in Sources */,
				1631CF3227539F5D0046BF66 /* SplashView.swift in Sources */,
				1631CF3C2753A9BE0046BF66 /* Color.swift in Sources */,
				1631CF422753B6C70046BF66 /* EpisodeDetails.swift in Sources */,
				1631CF462753C4480046BF66 /* Comment.swift in Sources */,
				1631CF1F27539BB70046BF66 /* HomeView.swift in Sources */,
				1631CF402753B5F10046BF66 /* EpisodeDetailsView.swift in Sources */,
				1631CF442753C38E0046BF66 /* CommentView.swift in Sources */,
				1631CF1D27539BB70046BF66 /* ReduxDemoApp.swift in Sources */,
			);
			runOnlyForDeploymentPostprocessing = 0;
		};
/* End PBXSourcesBuildPhase section */

/* Begin XCBuildConfiguration section */
		1631CF2527539BB90046BF66 /* Debug */ = {
			isa = XCBuildConfiguration;
			buildSettings = {
				ALWAYS_SEARCH_USER_PATHS = NO;
				CLANG_ANALYZER_NONNULL = YES;
				CLANG_ANALYZER_NUMBER_OBJECT_CONVERSION = YES_AGGRESSIVE;
				CLANG_CXX_LANGUAGE_STANDARD = "gnu++17";
				CLANG_CXX_LIBRARY = "libc++";
				CLANG_ENABLE_MODULES = YES;
				CLANG_ENABLE_OBJC_ARC = YES;
				CLANG_ENABLE_OBJC_WEAK = YES;
				CLANG_WARN_BLOCK_CAPTURE_AUTORELEASING = YES;
				CLANG_WARN_BOOL_CONVERSION = YES;
				CLANG_WARN_COMMA = YES;
				CLANG_WARN_CONSTANT_CONVERSION = YES;
				CLANG_WARN_DEPRECATED_OBJC_IMPLEMENTATIONS = YES;
				CLANG_WARN_DIRECT_OBJC_ISA_USAGE = YES_ERROR;
				CLANG_WARN_DOCUMENTATION_COMMENTS = YES;
				CLANG_WARN_EMPTY_BODY = YES;
				CLANG_WARN_ENUM_CONVERSION = YES;
				CLANG_WARN_INFINITE_RECURSION = YES;
				CLANG_WARN_INT_CONVERSION = YES;
				CLANG_WARN_NON_LITERAL_NULL_CONVERSION = YES;
				CLANG_WARN_OBJC_IMPLICIT_RETAIN_SELF = YES;
				CLANG_WARN_OBJC_LITERAL_CONVERSION = YES;
				CLANG_WARN_OBJC_ROOT_CLASS = YES_ERROR;
				CLANG_WARN_QUOTED_INCLUDE_IN_FRAMEWORK_HEADER = YES;
				CLANG_WARN_RANGE_LOOP_ANALYSIS = YES;
				CLANG_WARN_STRICT_PROTOTYPES = YES;
				CLANG_WARN_SUSPICIOUS_MOVE = YES;
				CLANG_WARN_UNGUARDED_AVAILABILITY = YES_AGGRESSIVE;
				CLANG_WARN_UNREACHABLE_CODE = YES;
				CLANG_WARN__DUPLICATE_METHOD_MATCH = YES;
				COPY_PHASE_STRIP = NO;
				DEBUG_INFORMATION_FORMAT = dwarf;
				ENABLE_STRICT_OBJC_MSGSEND = YES;
				ENABLE_TESTABILITY = YES;
				GCC_C_LANGUAGE_STANDARD = gnu11;
				GCC_DYNAMIC_NO_PIC = NO;
				GCC_NO_COMMON_BLOCKS = YES;
				GCC_OPTIMIZATION_LEVEL = 0;
				GCC_PREPROCESSOR_DEFINITIONS = (
					"DEBUG=1",
					"$(inherited)",
				);
				GCC_WARN_64_TO_32_BIT_CONVERSION = YES;
				GCC_WARN_ABOUT_RETURN_TYPE = YES_ERROR;
				GCC_WARN_UNDECLARED_SELECTOR = YES;
				GCC_WARN_UNINITIALIZED_AUTOS = YES_AGGRESSIVE;
				GCC_WARN_UNUSED_FUNCTION = YES;
				GCC_WARN_UNUSED_VARIABLE = YES;
				IPHONEOS_DEPLOYMENT_TARGET = 15.0;
				MTL_ENABLE_DEBUG_INFO = INCLUDE_SOURCE;
				MTL_FAST_MATH = YES;
				ONLY_ACTIVE_ARCH = YES;
				SDKROOT = iphoneos;
				SWIFT_ACTIVE_COMPILATION_CONDITIONS = DEBUG;
				SWIFT_OPTIMIZATION_LEVEL = "-Onone";
			};
			name = Debug;
		};
		1631CF2627539BB90046BF66 /* Release */ = {
			isa = XCBuildConfiguration;
			buildSettings = {
				ALWAYS_SEARCH_USER_PATHS = NO;
				CLANG_ANALYZER_NONNULL = YES;
				CLANG_ANALYZER_NUMBER_OBJECT_CONVERSION = YES_AGGRESSIVE;
				CLANG_CXX_LANGUAGE_STANDARD = "gnu++17";
				CLANG_CXX_LIBRARY = "libc++";
				CLANG_ENABLE_MODULES = YES;
				CLANG_ENABLE_OBJC_ARC = YES;
				CLANG_ENABLE_OBJC_WEAK = YES;
				CLANG_WARN_BLOCK_CAPTURE_AUTORELEASING = YES;
				CLANG_WARN_BOOL_CONVERSION = YES;
				CLANG_WARN_COMMA = YES;
				CLANG_WARN_CONSTANT_CONVERSION = YES;
				CLANG_WARN_DEPRECATED_OBJC_IMPLEMENTATIONS = YES;
				CLANG_WARN_DIRECT_OBJC_ISA_USAGE = YES_ERROR;
				CLANG_WARN_DOCUMENTATION_COMMENTS = YES;
				CLANG_WARN_EMPTY_BODY = YES;
				CLANG_WARN_ENUM_CONVERSION = YES;
				CLANG_WARN_INFINITE_RECURSION = YES;
				CLANG_WARN_INT_CONVERSION = YES;
				CLANG_WARN_NON_LITERAL_NULL_CONVERSION = YES;
				CLANG_WARN_OBJC_IMPLICIT_RETAIN_SELF = YES;
				CLANG_WARN_OBJC_LITERAL_CONVERSION = YES;
				CLANG_WARN_OBJC_ROOT_CLASS = YES_ERROR;
				CLANG_WARN_QUOTED_INCLUDE_IN_FRAMEWORK_HEADER = YES;
				CLANG_WARN_RANGE_LOOP_ANALYSIS = YES;
				CLANG_WARN_STRICT_PROTOTYPES = YES;
				CLANG_WARN_SUSPICIOUS_MOVE = YES;
				CLANG_WARN_UNGUARDED_AVAILABILITY = YES_AGGRESSIVE;
				CLANG_WARN_UNREACHABLE_CODE = YES;
				CLANG_WARN__DUPLICATE_METHOD_MATCH = YES;
				COPY_PHASE_STRIP = NO;
				DEBUG_INFORMATION_FORMAT = "dwarf-with-dsym";
				ENABLE_NS_ASSERTIONS = NO;
				ENABLE_STRICT_OBJC_MSGSEND = YES;
				GCC_C_LANGUAGE_STANDARD = gnu11;
				GCC_NO_COMMON_BLOCKS = YES;
				GCC_WARN_64_TO_32_BIT_CONVERSION = YES;
				GCC_WARN_ABOUT_RETURN_TYPE = YES_ERROR;
				GCC_WARN_UNDECLARED_SELECTOR = YES;
				GCC_WARN_UNINITIALIZED_AUTOS = YES_AGGRESSIVE;
				GCC_WARN_UNUSED_FUNCTION = YES;
				GCC_WARN_UNUSED_VARIABLE = YES;
				IPHONEOS_DEPLOYMENT_TARGET = 15.0;
				MTL_ENABLE_DEBUG_INFO = NO;
				MTL_FAST_MATH = YES;
				SDKROOT = iphoneos;
				SWIFT_COMPILATION_MODE = wholemodule;
				SWIFT_OPTIMIZATION_LEVEL = "-O";
				VALIDATE_PRODUCT = YES;
			};
			name = Release;
		};
		1631CF2827539BB90046BF66 /* Debug */ = {
			isa = XCBuildConfiguration;
			buildSettings = {
				ASSETCATALOG_COMPILER_APPICON_NAME = AppIcon;
				ASSETCATALOG_COMPILER_GLOBAL_ACCENT_COLOR_NAME = AccentColor;
				CODE_SIGN_STYLE = Automatic;
				CURRENT_PROJECT_VERSION = 1;
				DEVELOPMENT_ASSET_PATHS = "\"ReduxDemo/Preview Content\"";
				DEVELOPMENT_TEAM = JT56B63DU5;
				ENABLE_PREVIEWS = YES;
				GENERATE_INFOPLIST_FILE = YES;
				INFOPLIST_FILE = ReduxDemo/Info.plist;
				INFOPLIST_KEY_UIApplicationSupportsIndirectInputEvents = YES;
				INFOPLIST_KEY_UILaunchScreen_Generation = YES;
				INFOPLIST_KEY_UISupportedInterfaceOrientations_iPad = "UIInterfaceOrientationPortrait UIInterfaceOrientationPortraitUpsideDown UIInterfaceOrientationLandscapeLeft UIInterfaceOrientationLandscapeRight";
				INFOPLIST_KEY_UISupportedInterfaceOrientations_iPhone = UIInterfaceOrientationPortrait;
				INFOPLIST_KEY_UIUserInterfaceStyle = Dark;
				LD_RUNPATH_SEARCH_PATHS = (
					"$(inherited)",
					"@executable_path/Frameworks",
				);
				MARKETING_VERSION = 1.0;
				PRODUCT_BUNDLE_IDENTIFIER = pl.wojciechkulik.ReduxDemo;
				PRODUCT_NAME = "$(TARGET_NAME)";
				SWIFT_EMIT_LOC_STRINGS = YES;
				SWIFT_VERSION = 5.0;
				TARGETED_DEVICE_FAMILY = "1,2";
			};
			name = Debug;
		};
		1631CF2927539BB90046BF66 /* Release */ = {
			isa = XCBuildConfiguration;
			buildSettings = {
				ASSETCATALOG_COMPILER_APPICON_NAME = AppIcon;
				ASSETCATALOG_COMPILER_GLOBAL_ACCENT_COLOR_NAME = AccentColor;
				CODE_SIGN_STYLE = Automatic;
				CURRENT_PROJECT_VERSION = 1;
				DEVELOPMENT_ASSET_PATHS = "\"ReduxDemo/Preview Content\"";
				DEVELOPMENT_TEAM = JT56B63DU5;
				ENABLE_PREVIEWS = YES;
				GENERATE_INFOPLIST_FILE = YES;
				INFOPLIST_FILE = ReduxDemo/Info.plist;
				INFOPLIST_KEY_UIApplicationSupportsIndirectInputEvents = YES;
				INFOPLIST_KEY_UILaunchScreen_Generation = YES;
				INFOPLIST_KEY_UISupportedInterfaceOrientations_iPad = "UIInterfaceOrientationPortrait UIInterfaceOrientationPortraitUpsideDown UIInterfaceOrientationLandscapeLeft UIInterfaceOrientationLandscapeRight";
				INFOPLIST_KEY_UISupportedInterfaceOrientations_iPhone = UIInterfaceOrientationPortrait;
				INFOPLIST_KEY_UIUserInterfaceStyle = Dark;
				LD_RUNPATH_SEARCH_PATHS = (
					"$(inherited)",
					"@executable_path/Frameworks",
				);
				MARKETING_VERSION = 1.0;
				PRODUCT_BUNDLE_IDENTIFIER = pl.wojciechkulik.ReduxDemo;
				PRODUCT_NAME = "$(TARGET_NAME)";
				SWIFT_EMIT_LOC_STRINGS = YES;
				SWIFT_VERSION = 5.0;
				TARGETED_DEVICE_FAMILY = "1,2";
			};
			name = Release;
		};
/* End XCBuildConfiguration section */

/* Begin XCConfigurationList section */
		1631CF1427539BB70046BF66 /* Build configuration list for PBXProject "ReduxDemo" */ = {
			isa = XCConfigurationList;
			buildConfigurations = (
				1631CF2527539BB90046BF66 /* Debug */,
				1631CF2627539BB90046BF66 /* Release */,
			);
			defaultConfigurationIsVisible = 0;
			defaultConfigurationName = Release;
		};
		1631CF2727539BB90046BF66 /* Build configuration list for PBXNativeTarget "ReduxDemo" */ = {
			isa = XCConfigurationList;
			buildConfigurations = (
				1631CF2827539BB90046BF66 /* Debug */,
				1631CF2927539BB90046BF66 /* Release */,
			);
			defaultConfigurationIsVisible = 0;
			defaultConfigurationName = Release;
		};
/* End XCConfigurationList section */
	};
	rootObject = 1631CF1127539BB70046BF66 /* Project object */;
}
